
Microsoft Visual Studio Solution File, Format Version 12.00
# Visual Studio Version 16
VisualStudioVersion = 16.0.31729.503
MinimumVisualStudioVersion = 10.0.40219.1
Project("{FAE04EC0-301F-11D3-BF4B-00C04F79EFBC}") = "ParaKafe", "ParaKafe\ParaKafe.csproj", "{FBFA301E-6A47-42CF-8268-4B2A479B783E}"
EndProject
Project("{FAE04EC0-301F-11D3-BF4B-00C04F79EFBC}") = "ParaKafe.Data", "ParaKae.Data\ParaKafe.Data.csproj", "{23C97BE0-01F4-4B33-95E4-49B159D1592D}"
EndProject
Global
	GlobalSection(SolutionConfigurationPlatforms) = preSolution
		Debug|Any CPU = Debug|Any CPU
		Release|Any CPU = Release|Any CPU
	EndGlobalSection
	GlobalSection(ProjectConfigurationPlatforms) = postSolution
		{FBFA301E-6A47-42CF-8268-4B2A479B783E}.Debug|Any CPU.ActiveCfg = Debug|Any CPU
		{FBFA301E-6A47-42CF-8268-4B2A479B783E}.Debug|Any CPU.Build.0 = Debug|Any CPU
		{FBFA301E-6A47-42CF-8268-4B2A479B783E}.Release|Any CPU.ActiveCfg = Release|Any CPU
		{FBFA301E-6A47-42CF-8268-4B2A479B783E}.Release|Any CPU.Build.0 = Release|Any CPU
		{23C97BE0-01F4-4B33-95E4-49B159D1592D}.Debug|Any CPU.ActiveCfg = Debug|Any CPU
		{23C97BE0-01F4-4B33-95E4-49B159D1592D}.Debug|Any CPU.Build.0 = Debug|Any CPU
		{23C97BE0-01F4-4B33-95E4-49B159D1592D}.Release|Any CPU.ActiveCfg = Release|Any CPU
		{23C97BE0-01F4-4B33-95E4-49B159D1592D}.Release|Any CPU.Build.0 = Release|Any CPU
	EndGlobalSection
	GlobalSection(SolutionProperties) = preSolution
		HideSolutionNode = FALSE
	EndGlobalSection
	GlobalSection(ExtensibilityGlobals) = postSolution
		SolutionGuid = {5C33E894-6125-4867-A25E-1A9B3F5E9308}
	EndGlobalSection
EndGlobal
